
Microsoft Visual Studio Solution File, Format Version 12.00
# Visual Studio Version 17
VisualStudioVersion = 17.1.32228.430
MinimumVisualStudioVersion = 10.0.40219.1
Project("{FAE04EC0-301F-11D3-BF4B-00C04F79EFBC}") = "server-api", "server-api.csproj", "{DF1CEA13-F59F-44F8-A975-FAC2ED002162}"
EndProject
Global
	GlobalSection(SolutionConfigurationPlatforms) = preSolution
		Debug|Any CPU = Debug|Any CPU
		Release|Any CPU = Release|Any CPU
	EndGlobalSection
	GlobalSection(ProjectConfigurationPlatforms) = postSolution
		{DF1CEA13-F59F-44F8-A975-FAC2ED002162}.Debug|Any CPU.ActiveCfg = Debug|Any CPU
		{DF1CEA13-F59F-44F8-A975-FAC2ED002162}.Debug|Any CPU.Build.0 = Debug|Any CPU
		{DF1CEA13-F59F-44F8-A975-FAC2ED002162}.Release|Any CPU.ActiveCfg = Release|Any CPU
		{DF1CEA13-F59F-44F8-A975-FAC2ED002162}.Release|Any CPU.Build.0 = Release|Any CPU
	EndGlobalSection
	GlobalSection(SolutionProperties) = preSolution
		HideSolutionNode = FALSE
	EndGlobalSection
	GlobalSection(ExtensibilityGlobals) = postSolution
		SolutionGuid = {DEEE9C5C-6B7D-444C-AA40-CD94D499B67B}
	EndGlobalSection
EndGlobal
